// !$*UTF8*$!
{
	archiveVersion = 1;
	classes = {
	};
	objectVersion = 54;
	objects = {

/* Begin PBXBuildFile section */
		61FD94C12BA1FD7800CF52E3 /* Conductors.swift in Sources */ = {isa = PBXBuildFile; fileRef = 61FD94C02BA1FD7800CF52E3 /* Conductors.swift */; };
		61FD94C32BA1FDC000CF52E3 /* VisualizerApp.swift in Sources */ = {isa = PBXBuildFile; fileRef = 61FD94C22BA1FDC000CF52E3 /* VisualizerApp.swift */; };
		61FD94C62BA1FE5C00CF52E3 /* AudioKit in Frameworks */ = {isa = PBXBuildFile; productRef = 61FD94C52BA1FE5C00CF52E3 /* AudioKit */; };
		61FD94C92BA1FE7A00CF52E3 /* AudioKitUI in Frameworks */ = {isa = PBXBuildFile; productRef = 61FD94C82BA1FE7A00CF52E3 /* AudioKitUI */; };
		61FD94CB2BA1FF6900CF52E3 /* AudioVisualization.swift in Sources */ = {isa = PBXBuildFile; fileRef = 61FD94CA2BA1FF6900CF52E3 /* AudioVisualization.swift */; };
		61FD94CF2BA204D600CF52E3 /* Guitar.mp3 in Resources */ = {isa = PBXBuildFile; fileRef = 61FD94CE2BA204D600CF52E3 /* Guitar.mp3 */; };
		FAC7908224A7940F00EA977D /* Assets.xcassets in Resources */ = {isa = PBXBuildFile; fileRef = FAC7908124A7940F00EA977D /* Assets.xcassets */; };
		FAC7908524A7940F00EA977D /* Preview Assets.xcassets in Resources */ = {isa = PBXBuildFile; fileRef = FAC7908424A7940F00EA977D /* Preview Assets.xcassets */; };
/* End PBXBuildFile section */

/* Begin PBXCopyFilesBuildPhase section */
		FAC7909324A7944900EA977D /* Embed Frameworks */ = {
			isa = PBXCopyFilesBuildPhase;
			buildActionMask = 2147483647;
			dstPath = "";
			dstSubfolderSpec = 10;
			files = (
			);
			name = "Embed Frameworks";
			runOnlyForDeploymentPostprocessing = 0;
		};
/* End PBXCopyFilesBuildPhase section */

/* Begin PBXFileReference section */
		61FD94C02BA1FD7800CF52E3 /* Conductors.swift */ = {isa = PBXFileReference; lastKnownFileType = sourcecode.swift; path = Conductors.swift; sourceTree = "<group>"; };
		61FD94C22BA1FDC000CF52E3 /* VisualizerApp.swift */ = {isa = PBXFileReference; lastKnownFileType = sourcecode.swift; path = VisualizerApp.swift; sourceTree = "<group>"; };
		61FD94CA2BA1FF6900CF52E3 /* AudioVisualization.swift */ = {isa = PBXFileReference; lastKnownFileType = sourcecode.swift; path = AudioVisualization.swift; sourceTree = "<group>"; };
		61FD94CC2BA2034A00CF52E3 /* Visualizer.app */ = {isa = PBXFileReference; explicitFileType = wrapper.application; includeInIndex = 0; path = Visualizer.app; sourceTree = BUILT_PRODUCTS_DIR; };
		61FD94CE2BA204D600CF52E3 /* Guitar.mp3 */ = {isa = PBXFileReference; lastKnownFileType = audio.mp3; path = Guitar.mp3; sourceTree = "<group>"; };
		FAC7908124A7940F00EA977D /* Assets.xcassets */ = {isa = PBXFileReference; lastKnownFileType = folder.assetcatalog; path = Assets.xcassets; sourceTree = "<group>"; };
		FAC7908424A7940F00EA977D /* Preview Assets.xcassets */ = {isa = PBXFileReference; lastKnownFileType = folder.assetcatalog; path = "Preview Assets.xcassets"; sourceTree = "<group>"; };
		FAC7908924A7940F00EA977D /* Info.plist */ = {isa = PBXFileReference; lastKnownFileType = text.plist.xml; path = Info.plist; sourceTree = "<group>"; };
		FAC7909B24A798CE00EA977D /* Visualizer.entitlements */ = {isa = PBXFileReference; lastKnownFileType = text.plist.entitlements; path = Visualizer.entitlements; sourceTree = "<group>"; };
/* End PBXFileReference section */

/* Begin PBXFrameworksBuildPhase section */
		FAC7907524A7940B00EA977D /* Frameworks */ = {
			isa = PBXFrameworksBuildPhase;
			buildActionMask = 2147483647;
			files = (
				61FD94C62BA1FE5C00CF52E3 /* AudioKit in Frameworks */,
				61FD94C92BA1FE7A00CF52E3 /* AudioKitUI in Frameworks */,
			);
			runOnlyForDeploymentPostprocessing = 0;
		};
/* End PBXFrameworksBuildPhase section */

/* Begin PBXGroup section */
		61FD94CD2BA204C600CF52E3 /* MusicSamples */ = {
			isa = PBXGroup;
			children = (
				61FD94CE2BA204D600CF52E3 /* Guitar.mp3 */,
			);
			path = MusicSamples;
			sourceTree = "<group>";
		};
		FA300A0924E7448100E4068C /* Views */ = {
			isa = PBXGroup;
			children = (
				61FD94CA2BA1FF6900CF52E3 /* AudioVisualization.swift */,
			);
			path = Views;
			sourceTree = "<group>";
		};
		FAA8C38A24E744F800EEEE59 /* Models */ = {
			isa = PBXGroup;
			children = (
				61FD94C02BA1FD7800CF52E3 /* Conductors.swift */,
			);
			path = Models;
			sourceTree = "<group>";
		};
		FAC7906F24A7940B00EA977D = {
			isa = PBXGroup;
			children = (
				FAC7907A24A7940B00EA977D /* Visualizer */,
				61FD94CC2BA2034A00CF52E3 /* Visualizer.app */,
			);
			sourceTree = "<group>";
		};
		FAC7907A24A7940B00EA977D /* Visualizer */ = {
			isa = PBXGroup;
			children = (
				61FD94C22BA1FDC000CF52E3 /* VisualizerApp.swift */,
				FAC7909B24A798CE00EA977D /* Visualizer.entitlements */,
				FAA8C38A24E744F800EEEE59 /* Models */,
				FA300A0924E7448100E4068C /* Views */,
				FAC7908124A7940F00EA977D /* Assets.xcassets */,
				FAC7908924A7940F00EA977D /* Info.plist */,
				61FD94CD2BA204C600CF52E3 /* MusicSamples */,
				FAC7908324A7940F00EA977D /* Preview Content */,
			);
			path = Visualizer;
			sourceTree = "<group>";
		};
		FAC7908324A7940F00EA977D /* Preview Content */ = {
			isa = PBXGroup;
			children = (
				FAC7908424A7940F00EA977D /* Preview Assets.xcassets */,
			);
			path = "Preview Content";
			sourceTree = "<group>";
		};
/* End PBXGroup section */

/* Begin PBXNativeTarget section */
		FAC7907724A7940B00EA977D /* Visualizer */ = {
			isa = PBXNativeTarget;
			buildConfigurationList = FAC7908C24A7940F00EA977D /* Build configuration list for PBXNativeTarget "Visualizer" */;
			buildPhases = (
				FAC7907424A7940B00EA977D /* Sources */,
				FAC7907524A7940B00EA977D /* Frameworks */,
				FAC7907624A7940B00EA977D /* Resources */,
				FAC7909324A7944900EA977D /* Embed Frameworks */,
			);
			buildRules = (
			);
			dependencies = (
			);
			name = Visualizer;
			packageProductDependencies = (
				61FD94C52BA1FE5C00CF52E3 /* AudioKit */,
				61FD94C82BA1FE7A00CF52E3 /* AudioKitUI */,
			);
			productName = Visualizer;
			productReference = 61FD94CC2BA2034A00CF52E3 /* Visualizer.app */;
			productType = "com.apple.product-type.application";
		};
/* End PBXNativeTarget section */

/* Begin PBXProject section */
		FAC7907024A7940B00EA977D /* Project object */ = {
			isa = PBXProject;
			attributes = {
				BuildIndependentTargetsInParallel = YES;
				LastSwiftUpdateCheck = 1150;
				LastUpgradeCheck = 1520;
				ORGANIZATIONNAME = "Matt Pfeiffer";
				TargetAttributes = {
					FAC7907724A7940B00EA977D = {
						CreatedOnToolsVersion = 11.5;
					};
				};
			};
			buildConfigurationList = FAC7907324A7940B00EA977D /* Build configuration list for PBXProject "Visualizer" */;
			compatibilityVersion = "Xcode 9.3";
			developmentRegion = en;
			hasScannedForEncodings = 0;
			knownRegions = (
				en,
				Base,
			);
			mainGroup = FAC7906F24A7940B00EA977D;
			packageReferences = (
				61FD94C42BA1FE5C00CF52E3 /* XCRemoteSwiftPackageReference "AudioKit" */,
				61FD94C72BA1FE7A00CF52E3 /* XCRemoteSwiftPackageReference "AudioKitUI" */,
			);
			productRefGroup = FAC7906F24A7940B00EA977D;
			projectDirPath = "";
			projectRoot = "";
			targets = (
				FAC7907724A7940B00EA977D /* Visualizer */,
			);
		};
/* End PBXProject section */

/* Begin PBXResourcesBuildPhase section */
		FAC7907624A7940B00EA977D /* Resources */ = {
			isa = PBXResourcesBuildPhase;
			buildActionMask = 2147483647;
			files = (
				61FD94CF2BA204D600CF52E3 /* Guitar.mp3 in Resources */,
				FAC7908524A7940F00EA977D /* Preview Assets.xcassets in Resources */,
				FAC7908224A7940F00EA977D /* Assets.xcassets in Resources */,
			);
			runOnlyForDeploymentPostprocessing = 0;
		};
/* End PBXResourcesBuildPhase section */

/* Begin PBXSourcesBuildPhase section */
		FAC7907424A7940B00EA977D /* Sources */ = {
			isa = PBXSourcesBuildPhase;
			buildActionMask = 2147483647;
			files = (
				61FD94C32BA1FDC000CF52E3 /* VisualizerApp.swift in Sources */,
				61FD94CB2BA1FF6900CF52E3 /* AudioVisualization.swift in Sources */,
				61FD94C12BA1FD7800CF52E3 /* Conductors.swift in Sources */,
			);
			runOnlyForDeploymentPostprocessing = 0;
		};
/* End PBXSourcesBuildPhase section */

/* Begin XCBuildConfiguration section */
		FAC7908A24A7940F00EA977D /* Debug */ = {
			isa = XCBuildConfiguration;
			buildSettings = {
				ALWAYS_SEARCH_USER_PATHS = NO;
				CLANG_ANALYZER_NONNULL = YES;
				CLANG_ANALYZER_NUMBER_OBJECT_CONVERSION = YES_AGGRESSIVE;
				CLANG_CXX_LANGUAGE_STANDARD = "gnu++14";
				CLANG_CXX_LIBRARY = "libc++";
				CLANG_ENABLE_MODULES = YES;
				CLANG_ENABLE_OBJC_ARC = YES;
				CLANG_ENABLE_OBJC_WEAK = YES;
				CLANG_WARN_BLOCK_CAPTURE_AUTORELEASING = YES;
				CLANG_WARN_BOOL_CONVERSION = YES;
				CLANG_WARN_COMMA = YES;
				CLANG_WARN_CONSTANT_CONVERSION = YES;
				CLANG_WARN_DEPRECATED_OBJC_IMPLEMENTATIONS = YES;
				CLANG_WARN_DIRECT_OBJC_ISA_USAGE = YES_ERROR;
				CLANG_WARN_DOCUMENTATION_COMMENTS = YES;
				CLANG_WARN_EMPTY_BODY = YES;
				CLANG_WARN_ENUM_CONVERSION = YES;
				CLANG_WARN_INFINITE_RECURSION = YES;
				CLANG_WARN_INT_CONVERSION = YES;
				CLANG_WARN_NON_LITERAL_NULL_CONVERSION = YES;
				CLANG_WARN_OBJC_IMPLICIT_RETAIN_SELF = YES;
				CLANG_WARN_OBJC_LITERAL_CONVERSION = YES;
				CLANG_WARN_OBJC_ROOT_CLASS = YES_ERROR;
				CLANG_WARN_QUOTED_INCLUDE_IN_FRAMEWORK_HEADER = YES;
				CLANG_WARN_RANGE_LOOP_ANALYSIS = YES;
				CLANG_WARN_STRICT_PROTOTYPES = YES;
				CLANG_WARN_SUSPICIOUS_MOVE = YES;
				CLANG_WARN_UNGUARDED_AVAILABILITY = YES_AGGRESSIVE;
				CLANG_WARN_UNREACHABLE_CODE = YES;
				CLANG_WARN__DUPLICATE_METHOD_MATCH = YES;
				COPY_PHASE_STRIP = NO;
				DEBUG_INFORMATION_FORMAT = dwarf;
				ENABLE_STRICT_OBJC_MSGSEND = YES;
				ENABLE_TESTABILITY = YES;
				ENABLE_USER_SCRIPT_SANDBOXING = YES;
				GCC_C_LANGUAGE_STANDARD = gnu11;
				GCC_DYNAMIC_NO_PIC = NO;
				GCC_NO_COMMON_BLOCKS = YES;
				GCC_OPTIMIZATION_LEVEL = 0;
				GCC_PREPROCESSOR_DEFINITIONS = (
					"DEBUG=1",
					"$(inherited)",
				);
				GCC_WARN_64_TO_32_BIT_CONVERSION = YES;
				GCC_WARN_ABOUT_RETURN_TYPE = YES_ERROR;
				GCC_WARN_UNDECLARED_SELECTOR = YES;
				GCC_WARN_UNINITIALIZED_AUTOS = YES_AGGRESSIVE;
				GCC_WARN_UNUSED_FUNCTION = YES;
				GCC_WARN_UNUSED_VARIABLE = YES;
				IPHONEOS_DEPLOYMENT_TARGET = 13.6;
				MTL_ENABLE_DEBUG_INFO = INCLUDE_SOURCE;
				MTL_FAST_MATH = YES;
				ONLY_ACTIVE_ARCH = YES;
				SDKROOT = iphoneos;
				SWIFT_ACTIVE_COMPILATION_CONDITIONS = DEBUG;
				SWIFT_OPTIMIZATION_LEVEL = "-Onone";
			};
			name = Debug;
		};
		FAC7908B24A7940F00EA977D /* Release */ = {
			isa = XCBuildConfiguration;
			buildSettings = {
				ALWAYS_SEARCH_USER_PATHS = NO;
				CLANG_ANALYZER_NONNULL = YES;
				CLANG_ANALYZER_NUMBER_OBJECT_CONVERSION = YES_AGGRESSIVE;
				CLANG_CXX_LANGUAGE_STANDARD = "gnu++14";
				CLANG_CXX_LIBRARY = "libc++";
				CLANG_ENABLE_MODULES = YES;
				CLANG_ENABLE_OBJC_ARC = YES;
				CLANG_ENABLE_OBJC_WEAK = YES;
				CLANG_WARN_BLOCK_CAPTURE_AUTORELEASING = YES;
				CLANG_WARN_BOOL_CONVERSION = YES;
				CLANG_WARN_COMMA = YES;
				CLANG_WARN_CONSTANT_CONVERSION = YES;
				CLANG_WARN_DEPRECATED_OBJC_IMPLEMENTATIONS = YES;
				CLANG_WARN_DIRECT_OBJC_ISA_USAGE = YES_ERROR;
				CLANG_WARN_DOCUMENTATION_COMMENTS = YES;
				CLANG_WARN_EMPTY_BODY = YES;
				CLANG_WARN_ENUM_CONVERSION = YES;
				CLANG_WARN_INFINITE_RECURSION = YES;
				CLANG_WARN_INT_CONVERSION = YES;
				CLANG_WARN_NON_LITERAL_NULL_CONVERSION = YES;
				CLANG_WARN_OBJC_IMPLICIT_RETAIN_SELF = YES;
				CLANG_WARN_OBJC_LITERAL_CONVERSION = YES;
				CLANG_WARN_OBJC_ROOT_CLASS = YES_ERROR;
				CLANG_WARN_QUOTED_INCLUDE_IN_FRAMEWORK_HEADER = YES;
				CLANG_WARN_RANGE_LOOP_ANALYSIS = YES;
				CLANG_WARN_STRICT_PROTOTYPES = YES;
				CLANG_WARN_SUSPICIOUS_MOVE = YES;
				CLANG_WARN_UNGUARDED_AVAILABILITY = YES_AGGRESSIVE;
				CLANG_WARN_UNREACHABLE_CODE = YES;
				CLANG_WARN__DUPLICATE_METHOD_MATCH = YES;
				COPY_PHASE_STRIP = NO;
				DEBUG_INFORMATION_FORMAT = "dwarf-with-dsym";
				ENABLE_NS_ASSERTIONS = NO;
				ENABLE_STRICT_OBJC_MSGSEND = YES;
				ENABLE_USER_SCRIPT_SANDBOXING = YES;
				GCC_C_LANGUAGE_STANDARD = gnu11;
				GCC_NO_COMMON_BLOCKS = YES;
				GCC_WARN_64_TO_32_BIT_CONVERSION = YES;
				GCC_WARN_ABOUT_RETURN_TYPE = YES_ERROR;
				GCC_WARN_UNDECLARED_SELECTOR = YES;
				GCC_WARN_UNINITIALIZED_AUTOS = YES_AGGRESSIVE;
				GCC_WARN_UNUSED_FUNCTION = YES;
				GCC_WARN_UNUSED_VARIABLE = YES;
				IPHONEOS_DEPLOYMENT_TARGET = 13.6;
				MTL_ENABLE_DEBUG_INFO = NO;
				MTL_FAST_MATH = YES;
				SDKROOT = iphoneos;
				SWIFT_COMPILATION_MODE = wholemodule;
				SWIFT_OPTIMIZATION_LEVEL = "-O";
				VALIDATE_PRODUCT = YES;
			};
			name = Release;
		};
		FAC7908D24A7940F00EA977D /* Debug */ = {
			isa = XCBuildConfiguration;
			buildSettings = {
				ASSETCATALOG_COMPILER_APPICON_NAME = AppIcon;
				CODE_SIGN_ENTITLEMENTS = Visualizer/Visualizer.entitlements;
				CODE_SIGN_STYLE = Automatic;
				DEVELOPMENT_ASSET_PATHS = "\"Visualizer/Preview Content\"";
				DEVELOPMENT_TEAM = 9JF99T9A6L;
				ENABLE_PREVIEWS = YES;
				FRAMEWORK_SEARCH_PATHS = (
					"\"/Users/macbook/Sync/Code/Xcode/AudioDev/AudioKit-iOS\"",
					"\"/Users/macbook/Sync/Code/Xcode/HapticsDev/lofelt-studio-0.8.2-mac/sdk/ios-framework/universal\"",
				);
				INFOPLIST_FILE = Visualizer/Info.plist;
				INFOPLIST_KEY_LSApplicationCategoryType = "public.app-category.music";
				IPHONEOS_DEPLOYMENT_TARGET = 17.0;
				LD_RUNPATH_SEARCH_PATHS = (
					"$(inherited)",
					"@executable_path/Frameworks",
				);
				OTHER_LDFLAGS = "-lc++";
				PRODUCT_BUNDLE_IDENTIFIER = com.MattPfeiffer.AudioKitVisualizer;
				PRODUCT_NAME = "$(TARGET_NAME)";
				SWIFT_VERSION = 5.0;
				TARGETED_DEVICE_FAMILY = "1,2";
			};
			name = Debug;
		};
		FAC7908E24A7940F00EA977D /* Release */ = {
			isa = XCBuildConfiguration;
			buildSettings = {
				ASSETCATALOG_COMPILER_APPICON_NAME = AppIcon;
				CODE_SIGN_ENTITLEMENTS = Visualizer/Visualizer.entitlements;
				CODE_SIGN_STYLE = Automatic;
				DEVELOPMENT_ASSET_PATHS = "\"Visualizer/Preview Content\"";
				DEVELOPMENT_TEAM = 9JF99T9A6L;
				ENABLE_PREVIEWS = YES;
				FRAMEWORK_SEARCH_PATHS = (
					"\"/Users/macbook/Sync/Code/Xcode/AudioDev/AudioKit-iOS\"",
					"\"/Users/macbook/Sync/Code/Xcode/HapticsDev/lofelt-studio-0.8.2-mac/sdk/ios-framework/universal\"",
				);
				INFOPLIST_FILE = Visualizer/Info.plist;
				INFOPLIST_KEY_LSApplicationCategoryType = "public.app-category.music";
				IPHONEOS_DEPLOYMENT_TARGET = 17.0;
				LD_RUNPATH_SEARCH_PATHS = (
					"$(inherited)",
					"@executable_path/Frameworks",
				);
				OTHER_LDFLAGS = "-lc++";
				PRODUCT_BUNDLE_IDENTIFIER = com.MattPfeiffer.AudioKitVisualizer;
				PRODUCT_NAME = "$(TARGET_NAME)";
				SWIFT_VERSION = 5.0;
				TARGETED_DEVICE_FAMILY = "1,2";
			};
			name = Release;
		};
/* End XCBuildConfiguration section */

/* Begin XCConfigurationList section */
		FAC7907324A7940B00EA977D /* Build configuration list for PBXProject "Visualizer" */ = {
			isa = XCConfigurationList;
			buildConfigurations = (
				FAC7908A24A7940F00EA977D /* Debug */,
				FAC7908B24A7940F00EA977D /* Release */,
			);
			defaultConfigurationIsVisible = 0;
			defaultConfigurationName = Release;
		};
		FAC7908C24A7940F00EA977D /* Build configuration list for PBXNativeTarget "Visualizer" */ = {
			isa = XCConfigurationList;
			buildConfigurations = (
				FAC7908D24A7940F00EA977D /* Debug */,
				FAC7908E24A7940F00EA977D /* Release */,
			);
			defaultConfigurationIsVisible = 0;
			defaultConfigurationName = Release;
		};
/* End XCConfigurationList section */

/* Begin XCRemoteSwiftPackageReference section */
		61FD94C42BA1FE5C00CF52E3 /* XCRemoteSwiftPackageReference "AudioKit" */ = {
			isa = XCRemoteSwiftPackageReference;
			repositoryURL = "https://github.com/AudioKit/AudioKit";
			requirement = {
				kind = upToNextMajorVersion;
				minimumVersion = 5.6.3;
			};
		};
		61FD94C72BA1FE7A00CF52E3 /* XCRemoteSwiftPackageReference "AudioKitUI" */ = {
			isa = XCRemoteSwiftPackageReference;
			repositoryURL = "https://github.com/AudioKit/AudioKitUI";
			requirement = {
				kind = upToNextMajorVersion;
				minimumVersion = 0.3.7;
			};
		};
/* End XCRemoteSwiftPackageReference section */

/* Begin XCSwiftPackageProductDependency section */
		61FD94C52BA1FE5C00CF52E3 /* AudioKit */ = {
			isa = XCSwiftPackageProductDependency;
			package = 61FD94C42BA1FE5C00CF52E3 /* XCRemoteSwiftPackageReference "AudioKit" */;
			productName = AudioKit;
		};
		61FD94C82BA1FE7A00CF52E3 /* AudioKitUI */ = {
			isa = XCSwiftPackageProductDependency;
			package = 61FD94C72BA1FE7A00CF52E3 /* XCRemoteSwiftPackageReference "AudioKitUI" */;
			productName = AudioKitUI;
		};
/* End XCSwiftPackageProductDependency section */
	};
	rootObject = FAC7907024A7940B00EA977D /* Project object */;
}
