// !$*UTF8*$!
{
	archiveVersion = 1;
	classes = {
	};
	objectVersion = 50;
	objects = {

/* Begin PBXBuildFile section */
		FA9F16A624D320B200401F2D /* AmplitudeVisualizer.swift in Sources */ = {isa = PBXBuildFile; fileRef = FA9F16A524D320B200401F2D /* AmplitudeVisualizer.swift */; };
		FAC4004F24D326570078C6D4 /* VerticalBar.swift in Sources */ = {isa = PBXBuildFile; fileRef = FAC4004E24D326570078C6D4 /* VerticalBar.swift */; };
		FAC7907C24A7940C00EA977D /* AppDelegate.swift in Sources */ = {isa = PBXBuildFile; fileRef = FAC7907B24A7940C00EA977D /* AppDelegate.swift */; };
		FAC7907E24A7940C00EA977D /* SceneDelegate.swift in Sources */ = {isa = PBXBuildFile; fileRef = FAC7907D24A7940C00EA977D /* SceneDelegate.swift */; };
		FAC7908024A7940C00EA977D /* ContentView.swift in Sources */ = {isa = PBXBuildFile; fileRef = FAC7907F24A7940C00EA977D /* ContentView.swift */; };
		FAC7908224A7940F00EA977D /* Assets.xcassets in Resources */ = {isa = PBXBuildFile; fileRef = FAC7908124A7940F00EA977D /* Assets.xcassets */; };
		FAC7908524A7940F00EA977D /* Preview Assets.xcassets in Resources */ = {isa = PBXBuildFile; fileRef = FAC7908424A7940F00EA977D /* Preview Assets.xcassets */; };
		FAC7908824A7940F00EA977D /* LaunchScreen.storyboard in Resources */ = {isa = PBXBuildFile; fileRef = FAC7908624A7940F00EA977D /* LaunchScreen.storyboard */; };
		FAC7909124A7944900EA977D /* AudioKit.framework in Frameworks */ = {isa = PBXBuildFile; fileRef = FAC7909024A7944900EA977D /* AudioKit.framework */; };
		FAC7909224A7944900EA977D /* AudioKit.framework in Embed Frameworks */ = {isa = PBXBuildFile; fileRef = FAC7909024A7944900EA977D /* AudioKit.framework */; settings = {ATTRIBUTES = (CodeSignOnCopy, RemoveHeadersOnCopy, ); }; };
		FAC7909524A7945700EA977D /* AudioKitUI.framework in Frameworks */ = {isa = PBXBuildFile; fileRef = FAC7909424A7945700EA977D /* AudioKitUI.framework */; };
		FAC7909624A7945700EA977D /* AudioKitUI.framework in Embed Frameworks */ = {isa = PBXBuildFile; fileRef = FAC7909424A7945700EA977D /* AudioKitUI.framework */; settings = {ATTRIBUTES = (CodeSignOnCopy, RemoveHeadersOnCopy, ); }; };
		FAC7909824A794D700EA977D /* Conductor.swift in Sources */ = {isa = PBXBuildFile; fileRef = FAC7909724A794D700EA977D /* Conductor.swift */; };
		FAC7909D24A798CE00EA977D /* AudioToolbox.framework in Frameworks */ = {isa = PBXBuildFile; fileRef = FAC7909C24A798CE00EA977D /* AudioToolbox.framework */; };
/* End PBXBuildFile section */

/* Begin PBXCopyFilesBuildPhase section */
		FAC7909324A7944900EA977D /* Embed Frameworks */ = {
			isa = PBXCopyFilesBuildPhase;
			buildActionMask = 2147483647;
			dstPath = "";
			dstSubfolderSpec = 10;
			files = (
				FAC7909624A7945700EA977D /* AudioKitUI.framework in Embed Frameworks */,
				FAC7909224A7944900EA977D /* AudioKit.framework in Embed Frameworks */,
			);
			name = "Embed Frameworks";
			runOnlyForDeploymentPostprocessing = 0;
		};
/* End PBXCopyFilesBuildPhase section */

/* Begin PBXFileReference section */
		FA9F16A524D320B200401F2D /* AmplitudeVisualizer.swift */ = {isa = PBXFileReference; lastKnownFileType = sourcecode.swift; path = AmplitudeVisualizer.swift; sourceTree = "<group>"; };
		FAC4004E24D326570078C6D4 /* VerticalBar.swift */ = {isa = PBXFileReference; lastKnownFileType = sourcecode.swift; path = VerticalBar.swift; sourceTree = "<group>"; };
		FAC7907824A7940B00EA977D /* Visualizer.app */ = {isa = PBXFileReference; explicitFileType = wrapper.application; includeInIndex = 0; path = Visualizer.app; sourceTree = BUILT_PRODUCTS_DIR; };
		FAC7907B24A7940C00EA977D /* AppDelegate.swift */ = {isa = PBXFileReference; lastKnownFileType = sourcecode.swift; path = AppDelegate.swift; sourceTree = "<group>"; };
		FAC7907D24A7940C00EA977D /* SceneDelegate.swift */ = {isa = PBXFileReference; lastKnownFileType = sourcecode.swift; path = SceneDelegate.swift; sourceTree = "<group>"; };
		FAC7907F24A7940C00EA977D /* ContentView.swift */ = {isa = PBXFileReference; lastKnownFileType = sourcecode.swift; path = ContentView.swift; sourceTree = "<group>"; };
		FAC7908124A7940F00EA977D /* Assets.xcassets */ = {isa = PBXFileReference; lastKnownFileType = folder.assetcatalog; path = Assets.xcassets; sourceTree = "<group>"; };
		FAC7908424A7940F00EA977D /* Preview Assets.xcassets */ = {isa = PBXFileReference; lastKnownFileType = folder.assetcatalog; path = "Preview Assets.xcassets"; sourceTree = "<group>"; };
		FAC7908724A7940F00EA977D /* Base */ = {isa = PBXFileReference; lastKnownFileType = file.storyboard; name = Base; path = Base.lproj/LaunchScreen.storyboard; sourceTree = "<group>"; };
		FAC7908924A7940F00EA977D /* Info.plist */ = {isa = PBXFileReference; lastKnownFileType = text.plist.xml; path = Info.plist; sourceTree = "<group>"; };
		FAC7909024A7944900EA977D /* AudioKit.framework */ = {isa = PBXFileReference; lastKnownFileType = wrapper.framework; name = AudioKit.framework; path = "../../AudioKit-iOS/AudioKit.framework"; sourceTree = "<group>"; };
		FAC7909424A7945700EA977D /* AudioKitUI.framework */ = {isa = PBXFileReference; lastKnownFileType = wrapper.framework; name = AudioKitUI.framework; path = "../../AudioKit-iOS/AudioKitUI.framework"; sourceTree = "<group>"; };
		FAC7909724A794D700EA977D /* Conductor.swift */ = {isa = PBXFileReference; lastKnownFileType = sourcecode.swift; path = Conductor.swift; sourceTree = "<group>"; };
		FAC7909B24A798CE00EA977D /* Visualizer.entitlements */ = {isa = PBXFileReference; lastKnownFileType = text.plist.entitlements; path = Visualizer.entitlements; sourceTree = "<group>"; };
		FAC7909C24A798CE00EA977D /* AudioToolbox.framework */ = {isa = PBXFileReference; lastKnownFileType = wrapper.framework; name = AudioToolbox.framework; path = System/Library/Frameworks/AudioToolbox.framework; sourceTree = SDKROOT; };
/* End PBXFileReference section */

/* Begin PBXFrameworksBuildPhase section */
		FAC7907524A7940B00EA977D /* Frameworks */ = {
			isa = PBXFrameworksBuildPhase;
			buildActionMask = 2147483647;
			files = (
				FAC7909524A7945700EA977D /* AudioKitUI.framework in Frameworks */,
				FAC7909124A7944900EA977D /* AudioKit.framework in Frameworks */,
				FAC7909D24A798CE00EA977D /* AudioToolbox.framework in Frameworks */,
			);
			runOnlyForDeploymentPostprocessing = 0;
		};
/* End PBXFrameworksBuildPhase section */

/* Begin PBXGroup section */
		FA300A0924E7448100E4068C /* Views */ = {
			isa = PBXGroup;
			children = (
				FAC7907F24A7940C00EA977D /* ContentView.swift */,
				FA9F16A524D320B200401F2D /* AmplitudeVisualizer.swift */,
				FAC4004E24D326570078C6D4 /* VerticalBar.swift */,
			);
			path = Views;
			sourceTree = "<group>";
		};
		FAA8C38A24E744F800EEEE59 /* Models */ = {
			isa = PBXGroup;
			children = (
				FAC7909724A794D700EA977D /* Conductor.swift */,
			);
			path = Models;
			sourceTree = "<group>";
		};
		FAC7906F24A7940B00EA977D = {
			isa = PBXGroup;
			children = (
				FAC7907A24A7940B00EA977D /* Visualizer */,
				FAC7907924A7940B00EA977D /* Products */,
				FAC7908F24A7944900EA977D /* Frameworks */,
			);
			sourceTree = "<group>";
		};
		FAC7907924A7940B00EA977D /* Products */ = {
			isa = PBXGroup;
			children = (
				FAC7907824A7940B00EA977D /* Visualizer.app */,
			);
			name = Products;
			sourceTree = "<group>";
		};
		FAC7907A24A7940B00EA977D /* Visualizer */ = {
			isa = PBXGroup;
			children = (
				FAC7909B24A798CE00EA977D /* Visualizer.entitlements */,
				FAC7907B24A7940C00EA977D /* AppDelegate.swift */,
				FAC7907D24A7940C00EA977D /* SceneDelegate.swift */,
				FAA8C38A24E744F800EEEE59 /* Models */,
				FA300A0924E7448100E4068C /* Views */,
				FAC7908124A7940F00EA977D /* Assets.xcassets */,
				FAC7908624A7940F00EA977D /* LaunchScreen.storyboard */,
				FAC7908924A7940F00EA977D /* Info.plist */,
				FAC7908324A7940F00EA977D /* Preview Content */,
			);
			path = Visualizer;
			sourceTree = "<group>";
		};
		FAC7908324A7940F00EA977D /* Preview Content */ = {
			isa = PBXGroup;
			children = (
				FAC7908424A7940F00EA977D /* Preview Assets.xcassets */,
			);
			path = "Preview Content";
			sourceTree = "<group>";
		};
		FAC7908F24A7944900EA977D /* Frameworks */ = {
			isa = PBXGroup;
			children = (
				FAC7909C24A798CE00EA977D /* AudioToolbox.framework */,
				FAC7909424A7945700EA977D /* AudioKitUI.framework */,
				FAC7909024A7944900EA977D /* AudioKit.framework */,
			);
			name = Frameworks;
			sourceTree = "<group>";
		};
/* End PBXGroup section */

/* Begin PBXNativeTarget section */
		FAC7907724A7940B00EA977D /* Visualizer */ = {
			isa = PBXNativeTarget;
			buildConfigurationList = FAC7908C24A7940F00EA977D /* Build configuration list for PBXNativeTarget "Visualizer" */;
			buildPhases = (
				FAC7907424A7940B00EA977D /* Sources */,
				FAC7907524A7940B00EA977D /* Frameworks */,
				FAC7907624A7940B00EA977D /* Resources */,
				FAC7909324A7944900EA977D /* Embed Frameworks */,
			);
			buildRules = (
			);
			dependencies = (
			);
			name = Visualizer;
			productName = Visualizer;
			productReference = FAC7907824A7940B00EA977D /* Visualizer.app */;
			productType = "com.apple.product-type.application";
		};
/* End PBXNativeTarget section */

/* Begin PBXProject section */
		FAC7907024A7940B00EA977D /* Project object */ = {
			isa = PBXProject;
			attributes = {
				LastSwiftUpdateCheck = 1150;
				LastUpgradeCheck = 1150;
				ORGANIZATIONNAME = "Matt Pfeiffer";
				TargetAttributes = {
					FAC7907724A7940B00EA977D = {
						CreatedOnToolsVersion = 11.5;
					};
				};
			};
			buildConfigurationList = FAC7907324A7940B00EA977D /* Build configuration list for PBXProject "Visualizer" */;
			compatibilityVersion = "Xcode 9.3";
			developmentRegion = en;
			hasScannedForEncodings = 0;
			knownRegions = (
				en,
				Base,
			);
			mainGroup = FAC7906F24A7940B00EA977D;
			productRefGroup = FAC7907924A7940B00EA977D /* Products */;
			projectDirPath = "";
			projectRoot = "";
			targets = (
				FAC7907724A7940B00EA977D /* Visualizer */,
			);
		};
/* End PBXProject section */

/* Begin PBXResourcesBuildPhase section */
		FAC7907624A7940B00EA977D /* Resources */ = {
			isa = PBXResourcesBuildPhase;
			buildActionMask = 2147483647;
			files = (
				FAC7908824A7940F00EA977D /* LaunchScreen.storyboard in Resources */,
				FAC7908524A7940F00EA977D /* Preview Assets.xcassets in Resources */,
				FAC7908224A7940F00EA977D /* Assets.xcassets in Resources */,
			);
			runOnlyForDeploymentPostprocessing = 0;
		};
/* End PBXResourcesBuildPhase section */

/* Begin PBXSourcesBuildPhase section */
		FAC7907424A7940B00EA977D /* Sources */ = {
			isa = PBXSourcesBuildPhase;
			buildActionMask = 2147483647;
			files = (
				FA9F16A624D320B200401F2D /* AmplitudeVisualizer.swift in Sources */,
				FAC7907C24A7940C00EA977D /* AppDelegate.swift in Sources */,
				FAC7907E24A7940C00EA977D /* SceneDelegate.swift in Sources */,
				FAC4004F24D326570078C6D4 /* VerticalBar.swift in Sources */,
				FAC7908024A7940C00EA977D /* ContentView.swift in Sources */,
				FAC7909824A794D700EA977D /* Conductor.swift in Sources */,
			);
			runOnlyForDeploymentPostprocessing = 0;
		};
/* End PBXSourcesBuildPhase section */

/* Begin PBXVariantGroup section */
		FAC7908624A7940F00EA977D /* LaunchScreen.storyboard */ = {
			isa = PBXVariantGroup;
			children = (
				FAC7908724A7940F00EA977D /* Base */,
			);
			name = LaunchScreen.storyboard;
			sourceTree = "<group>";
		};
/* End PBXVariantGroup section */

/* Begin XCBuildConfiguration section */
		FAC7908A24A7940F00EA977D /* Debug */ = {
			isa = XCBuildConfiguration;
			buildSettings = {
				ALWAYS_SEARCH_USER_PATHS = NO;
				CLANG_ANALYZER_NONNULL = YES;
				CLANG_ANALYZER_NUMBER_OBJECT_CONVERSION = YES_AGGRESSIVE;
				CLANG_CXX_LANGUAGE_STANDARD = "gnu++14";
				CLANG_CXX_LIBRARY = "libc++";
				CLANG_ENABLE_MODULES = YES;
				CLANG_ENABLE_OBJC_ARC = YES;
				CLANG_ENABLE_OBJC_WEAK = YES;
				CLANG_WARN_BLOCK_CAPTURE_AUTORELEASING = YES;
				CLANG_WARN_BOOL_CONVERSION = YES;
				CLANG_WARN_COMMA = YES;
				CLANG_WARN_CONSTANT_CONVERSION = YES;
				CLANG_WARN_DEPRECATED_OBJC_IMPLEMENTATIONS = YES;
				CLANG_WARN_DIRECT_OBJC_ISA_USAGE = YES_ERROR;
				CLANG_WARN_DOCUMENTATION_COMMENTS = YES;
				CLANG_WARN_EMPTY_BODY = YES;
				CLANG_WARN_ENUM_CONVERSION = YES;
				CLANG_WARN_INFINITE_RECURSION = YES;
				CLANG_WARN_INT_CONVERSION = YES;
				CLANG_WARN_NON_LITERAL_NULL_CONVERSION = YES;
				CLANG_WARN_OBJC_IMPLICIT_RETAIN_SELF = YES;
				CLANG_WARN_OBJC_LITERAL_CONVERSION = YES;
				CLANG_WARN_OBJC_ROOT_CLASS = YES_ERROR;
				CLANG_WARN_RANGE_LOOP_ANALYSIS = YES;
				CLANG_WARN_STRICT_PROTOTYPES = YES;
				CLANG_WARN_SUSPICIOUS_MOVE = YES;
				CLANG_WARN_UNGUARDED_AVAILABILITY = YES_AGGRESSIVE;
				CLANG_WARN_UNREACHABLE_CODE = YES;
				CLANG_WARN__DUPLICATE_METHOD_MATCH = YES;
				COPY_PHASE_STRIP = NO;
				DEBUG_INFORMATION_FORMAT = dwarf;
				ENABLE_STRICT_OBJC_MSGSEND = YES;
				ENABLE_TESTABILITY = YES;
				GCC_C_LANGUAGE_STANDARD = gnu11;
				GCC_DYNAMIC_NO_PIC = NO;
				GCC_NO_COMMON_BLOCKS = YES;
				GCC_OPTIMIZATION_LEVEL = 0;
				GCC_PREPROCESSOR_DEFINITIONS = (
					"DEBUG=1",
					"$(inherited)",
				);
				GCC_WARN_64_TO_32_BIT_CONVERSION = YES;
				GCC_WARN_ABOUT_RETURN_TYPE = YES_ERROR;
				GCC_WARN_UNDECLARED_SELECTOR = YES;
				GCC_WARN_UNINITIALIZED_AUTOS = YES_AGGRESSIVE;
				GCC_WARN_UNUSED_FUNCTION = YES;
				GCC_WARN_UNUSED_VARIABLE = YES;
				IPHONEOS_DEPLOYMENT_TARGET = 13.6;
				MTL_ENABLE_DEBUG_INFO = INCLUDE_SOURCE;
				MTL_FAST_MATH = YES;
				ONLY_ACTIVE_ARCH = YES;
				SDKROOT = iphoneos;
				SWIFT_ACTIVE_COMPILATION_CONDITIONS = DEBUG;
				SWIFT_OPTIMIZATION_LEVEL = "-Onone";
			};
			name = Debug;
		};
		FAC7908B24A7940F00EA977D /* Release */ = {
			isa = XCBuildConfiguration;
			buildSettings = {
				ALWAYS_SEARCH_USER_PATHS = NO;
				CLANG_ANALYZER_NONNULL = YES;
				CLANG_ANALYZER_NUMBER_OBJECT_CONVERSION = YES_AGGRESSIVE;
				CLANG_CXX_LANGUAGE_STANDARD = "gnu++14";
				CLANG_CXX_LIBRARY = "libc++";
				CLANG_ENABLE_MODULES = YES;
				CLANG_ENABLE_OBJC_ARC = YES;
				CLANG_ENABLE_OBJC_WEAK = YES;
				CLANG_WARN_BLOCK_CAPTURE_AUTORELEASING = YES;
				CLANG_WARN_BOOL_CONVERSION = YES;
				CLANG_WARN_COMMA = YES;
				CLANG_WARN_CONSTANT_CONVERSION = YES;
				CLANG_WARN_DEPRECATED_OBJC_IMPLEMENTATIONS = YES;
				CLANG_WARN_DIRECT_OBJC_ISA_USAGE = YES_ERROR;
				CLANG_WARN_DOCUMENTATION_COMMENTS = YES;
				CLANG_WARN_EMPTY_BODY = YES;
				CLANG_WARN_ENUM_CONVERSION = YES;
				CLANG_WARN_INFINITE_RECURSION = YES;
				CLANG_WARN_INT_CONVERSION = YES;
				CLANG_WARN_NON_LITERAL_NULL_CONVERSION = YES;
				CLANG_WARN_OBJC_IMPLICIT_RETAIN_SELF = YES;
				CLANG_WARN_OBJC_LITERAL_CONVERSION = YES;
				CLANG_WARN_OBJC_ROOT_CLASS = YES_ERROR;
				CLANG_WARN_RANGE_LOOP_ANALYSIS = YES;
				CLANG_WARN_STRICT_PROTOTYPES = YES;
				CLANG_WARN_SUSPICIOUS_MOVE = YES;
				CLANG_WARN_UNGUARDED_AVAILABILITY = YES_AGGRESSIVE;
				CLANG_WARN_UNREACHABLE_CODE = YES;
				CLANG_WARN__DUPLICATE_METHOD_MATCH = YES;
				COPY_PHASE_STRIP = NO;
				DEBUG_INFORMATION_FORMAT = "dwarf-with-dsym";
				ENABLE_NS_ASSERTIONS = NO;
				ENABLE_STRICT_OBJC_MSGSEND = YES;
				GCC_C_LANGUAGE_STANDARD = gnu11;
				GCC_NO_COMMON_BLOCKS = YES;
				GCC_WARN_64_TO_32_BIT_CONVERSION = YES;
				GCC_WARN_ABOUT_RETURN_TYPE = YES_ERROR;
				GCC_WARN_UNDECLARED_SELECTOR = YES;
				GCC_WARN_UNINITIALIZED_AUTOS = YES_AGGRESSIVE;
				GCC_WARN_UNUSED_FUNCTION = YES;
				GCC_WARN_UNUSED_VARIABLE = YES;
				IPHONEOS_DEPLOYMENT_TARGET = 13.6;
				MTL_ENABLE_DEBUG_INFO = NO;
				MTL_FAST_MATH = YES;
				SDKROOT = iphoneos;
				SWIFT_COMPILATION_MODE = wholemodule;
				SWIFT_OPTIMIZATION_LEVEL = "-O";
				VALIDATE_PRODUCT = YES;
			};
			name = Release;
		};
		FAC7908D24A7940F00EA977D /* Debug */ = {
			isa = XCBuildConfiguration;
			buildSettings = {
				ASSETCATALOG_COMPILER_APPICON_NAME = AppIcon;
				CODE_SIGN_ENTITLEMENTS = Visualizer/Visualizer.entitlements;
				CODE_SIGN_STYLE = Automatic;
				DEVELOPMENT_ASSET_PATHS = "\"Visualizer/Preview Content\"";
				DEVELOPMENT_TEAM = L2FL95P32D;
				ENABLE_PREVIEWS = YES;
				FRAMEWORK_SEARCH_PATHS = (
					"\"/Users/macbook/Sync/Code/Xcode/AudioDev/AudioKit-iOS\"",
					"\"/Users/macbook/Sync/Code/Xcode/HapticsDev/lofelt-studio-0.8.2-mac/sdk/ios-framework/universal\"",
				);
				INFOPLIST_FILE = Visualizer/Info.plist;
				LD_RUNPATH_SEARCH_PATHS = (
					"$(inherited)",
					"@executable_path/Frameworks",
				);
				OTHER_LDFLAGS = "-lc++";
				PRODUCT_BUNDLE_IDENTIFIER = com.MattPfeiffer.Visualizer;
				PRODUCT_NAME = "$(TARGET_NAME)";
				SWIFT_VERSION = 5.0;
				TARGETED_DEVICE_FAMILY = "1,2";
			};
			name = Debug;
		};
		FAC7908E24A7940F00EA977D /* Release */ = {
			isa = XCBuildConfiguration;
			buildSettings = {
				ASSETCATALOG_COMPILER_APPICON_NAME = AppIcon;
				CODE_SIGN_ENTITLEMENTS = Visualizer/Visualizer.entitlements;
				CODE_SIGN_STYLE = Automatic;
				DEVELOPMENT_ASSET_PATHS = "\"Visualizer/Preview Content\"";
				DEVELOPMENT_TEAM = L2FL95P32D;
				ENABLE_PREVIEWS = YES;
				FRAMEWORK_SEARCH_PATHS = (
					"\"/Users/macbook/Sync/Code/Xcode/AudioDev/AudioKit-iOS\"",
					"\"/Users/macbook/Sync/Code/Xcode/HapticsDev/lofelt-studio-0.8.2-mac/sdk/ios-framework/universal\"",
				);
				INFOPLIST_FILE = Visualizer/Info.plist;
				LD_RUNPATH_SEARCH_PATHS = (
					"$(inherited)",
					"@executable_path/Frameworks",
				);
				OTHER_LDFLAGS = "-lc++";
				PRODUCT_BUNDLE_IDENTIFIER = com.MattPfeiffer.Visualizer;
				PRODUCT_NAME = "$(TARGET_NAME)";
				SWIFT_VERSION = 5.0;
				TARGETED_DEVICE_FAMILY = "1,2";
			};
			name = Release;
		};
/* End XCBuildConfiguration section */

/* Begin XCConfigurationList section */
		FAC7907324A7940B00EA977D /* Build configuration list for PBXProject "Visualizer" */ = {
			isa = XCConfigurationList;
			buildConfigurations = (
				FAC7908A24A7940F00EA977D /* Debug */,
				FAC7908B24A7940F00EA977D /* Release */,
			);
			defaultConfigurationIsVisible = 0;
			defaultConfigurationName = Release;
		};
		FAC7908C24A7940F00EA977D /* Build configuration list for PBXNativeTarget "Visualizer" */ = {
			isa = XCConfigurationList;
			buildConfigurations = (
				FAC7908D24A7940F00EA977D /* Debug */,
				FAC7908E24A7940F00EA977D /* Release */,
			);
			defaultConfigurationIsVisible = 0;
			defaultConfigurationName = Release;
		};
/* End XCConfigurationList section */
	};
	rootObject = FAC7907024A7940B00EA977D /* Project object */;
}
